// !$*UTF8*$!
{
	archiveVersion = 1;
	classes = {
	};
	objectVersion = 55;
	objects = {

/* Begin PBXBuildFile section */
		FE0E8416283F7A7300051163 /* FileManager-DocumentesDirectory.swift in Sources */ = {isa = PBXBuildFile; fileRef = FE0E8415283F7A7300051163 /* FileManager-DocumentesDirectory.swift */; };
		FE0E8418283F7AC500051163 /* DataManager.swift in Sources */ = {isa = PBXBuildFile; fileRef = FE0E8417283F7AC500051163 /* DataManager.swift */; };
		FE972A0F2834D4DE00FC884E /* Day86-2CHHapticEngine.swift in Sources */ = {isa = PBXBuildFile; fileRef = FE972A0E2834D4DE00FC884E /* Day86-2CHHapticEngine.swift */; };
		FE972A112836083F00FC884E /* Day86-3allowsHitTesting.swift in Sources */ = {isa = PBXBuildFile; fileRef = FE972A102836083F00FC884E /* Day86-3allowsHitTesting.swift */; };
		FE972A132836121A00FC884E /* Day87-1TriggeringEventsRepeatedly.swift in Sources */ = {isa = PBXBuildFile; fileRef = FE972A122836121A00FC884E /* Day87-1TriggeringEventsRepeatedly.swift */; };
		FE972A152836135800FC884E /* Day87-2How-to-be-notified-when-your-swiftui-app-moves-to-the-background.swift in Sources */ = {isa = PBXBuildFile; fileRef = FE972A142836135800FC884E /* Day87-2How-to-be-notified-when-your-swiftui-app-moves-to-the-background.swift */; };
		FE972A17283613BE00FC884E /* Day87-3Supporting-specific-accessibility-needs-with-swiftui.swift in Sources */ = {isa = PBXBuildFile; fileRef = FE972A16283613BE00FC884E /* Day87-3Supporting-specific-accessibility-needs-with-swiftui.swift */; };
		FEA6DD43283739C300388C2C /* Card.swift in Sources */ = {isa = PBXBuildFile; fileRef = FEA6DD42283739C300388C2C /* Card.swift */; };
		FEA6DD4528373B7800388C2C /* CardView.swift in Sources */ = {isa = PBXBuildFile; fileRef = FEA6DD4428373B7800388C2C /* CardView.swift */; };
		FEA6DD47283C944A00388C2C /* EditCards.swift in Sources */ = {isa = PBXBuildFile; fileRef = FEA6DD46283C944A00388C2C /* EditCards.swift */; };
		FED821CC283357D100E6D0C6 /* FlashzillaApp.swift in Sources */ = {isa = PBXBuildFile; fileRef = FED821CB283357D100E6D0C6 /* FlashzillaApp.swift */; };
		FED821CE283357D100E6D0C6 /* ContentView.swift in Sources */ = {isa = PBXBuildFile; fileRef = FED821CD283357D100E6D0C6 /* ContentView.swift */; };
		FED821D0283357D200E6D0C6 /* Assets.xcassets in Resources */ = {isa = PBXBuildFile; fileRef = FED821CF283357D200E6D0C6 /* Assets.xcassets */; };
		FED821D3283357D200E6D0C6 /* Preview Assets.xcassets in Resources */ = {isa = PBXBuildFile; fileRef = FED821D2283357D200E6D0C6 /* Preview Assets.xcassets */; };
		FED821DA28335DC100E6D0C6 /* Day86-1Gesture-Scale.swift in Sources */ = {isa = PBXBuildFile; fileRef = FED821D928335DC100E6D0C6 /* Day86-1Gesture-Scale.swift */; };
		FED821DC2833641200E6D0C6 /* Day86-1Gesture-Rotation.swift in Sources */ = {isa = PBXBuildFile; fileRef = FED821DB2833641200E6D0C6 /* Day86-1Gesture-Rotation.swift */; };
		FED821DE2834C5EC00E6D0C6 /* Day86-1Gesture-Clash.swift in Sources */ = {isa = PBXBuildFile; fileRef = FED821DD2834C5EC00E6D0C6 /* Day86-1Gesture-Clash.swift */; };
		FED821E02834C82B00E6D0C6 /* Day86-1Gesture-Combined.swift in Sources */ = {isa = PBXBuildFile; fileRef = FED821DF2834C82B00E6D0C6 /* Day86-1Gesture-Combined.swift */; };
/* End PBXBuildFile section */

/* Begin PBXFileReference section */
		FE0E8415283F7A7300051163 /* FileManager-DocumentesDirectory.swift */ = {isa = PBXFileReference; lastKnownFileType = sourcecode.swift; path = "FileManager-DocumentesDirectory.swift"; sourceTree = "<group>"; };
		FE0E8417283F7AC500051163 /* DataManager.swift */ = {isa = PBXFileReference; lastKnownFileType = sourcecode.swift; path = DataManager.swift; sourceTree = "<group>"; };
		FE972A0E2834D4DE00FC884E /* Day86-2CHHapticEngine.swift */ = {isa = PBXFileReference; lastKnownFileType = sourcecode.swift; path = "Day86-2CHHapticEngine.swift"; sourceTree = "<group>"; };
		FE972A102836083F00FC884E /* Day86-3allowsHitTesting.swift */ = {isa = PBXFileReference; lastKnownFileType = sourcecode.swift; path = "Day86-3allowsHitTesting.swift"; sourceTree = "<group>"; };
		FE972A122836121A00FC884E /* Day87-1TriggeringEventsRepeatedly.swift */ = {isa = PBXFileReference; lastKnownFileType = sourcecode.swift; path = "Day87-1TriggeringEventsRepeatedly.swift"; sourceTree = "<group>"; };
		FE972A142836135800FC884E /* Day87-2How-to-be-notified-when-your-swiftui-app-moves-to-the-background.swift */ = {isa = PBXFileReference; lastKnownFileType = sourcecode.swift; path = "Day87-2How-to-be-notified-when-your-swiftui-app-moves-to-the-background.swift"; sourceTree = "<group>"; };
		FE972A16283613BE00FC884E /* Day87-3Supporting-specific-accessibility-needs-with-swiftui.swift */ = {isa = PBXFileReference; lastKnownFileType = sourcecode.swift; path = "Day87-3Supporting-specific-accessibility-needs-with-swiftui.swift"; sourceTree = "<group>"; };
		FEA6DD42283739C300388C2C /* Card.swift */ = {isa = PBXFileReference; lastKnownFileType = sourcecode.swift; path = Card.swift; sourceTree = "<group>"; };
		FEA6DD4428373B7800388C2C /* CardView.swift */ = {isa = PBXFileReference; lastKnownFileType = sourcecode.swift; path = CardView.swift; sourceTree = "<group>"; };
		FEA6DD46283C944A00388C2C /* EditCards.swift */ = {isa = PBXFileReference; lastKnownFileType = sourcecode.swift; path = EditCards.swift; sourceTree = "<group>"; };
		FED821C8283357D100E6D0C6 /* Flashzilla.app */ = {isa = PBXFileReference; explicitFileType = wrapper.application; includeInIndex = 0; path = Flashzilla.app; sourceTree = BUILT_PRODUCTS_DIR; };
		FED821CB283357D100E6D0C6 /* FlashzillaApp.swift */ = {isa = PBXFileReference; lastKnownFileType = sourcecode.swift; path = FlashzillaApp.swift; sourceTree = "<group>"; };
		FED821CD283357D100E6D0C6 /* ContentView.swift */ = {isa = PBXFileReference; lastKnownFileType = sourcecode.swift; path = ContentView.swift; sourceTree = "<group>"; };
		FED821CF283357D200E6D0C6 /* Assets.xcassets */ = {isa = PBXFileReference; lastKnownFileType = folder.assetcatalog; path = Assets.xcassets; sourceTree = "<group>"; };
		FED821D2283357D200E6D0C6 /* Preview Assets.xcassets */ = {isa = PBXFileReference; lastKnownFileType = folder.assetcatalog; path = "Preview Assets.xcassets"; sourceTree = "<group>"; };
		FED821D928335DC100E6D0C6 /* Day86-1Gesture-Scale.swift */ = {isa = PBXFileReference; lastKnownFileType = sourcecode.swift; path = "Day86-1Gesture-Scale.swift"; sourceTree = "<group>"; };
		FED821DB2833641200E6D0C6 /* Day86-1Gesture-Rotation.swift */ = {isa = PBXFileReference; lastKnownFileType = sourcecode.swift; path = "Day86-1Gesture-Rotation.swift"; sourceTree = "<group>"; };
		FED821DD2834C5EC00E6D0C6 /* Day86-1Gesture-Clash.swift */ = {isa = PBXFileReference; lastKnownFileType = sourcecode.swift; path = "Day86-1Gesture-Clash.swift"; sourceTree = "<group>"; };
		FED821DF2834C82B00E6D0C6 /* Day86-1Gesture-Combined.swift */ = {isa = PBXFileReference; lastKnownFileType = sourcecode.swift; path = "Day86-1Gesture-Combined.swift"; sourceTree = "<group>"; };
/* End PBXFileReference section */

/* Begin PBXFrameworksBuildPhase section */
		FED821C5283357D100E6D0C6 /* Frameworks */ = {
			isa = PBXFrameworksBuildPhase;
			buildActionMask = 2147483647;
			files = (
			);
			runOnlyForDeploymentPostprocessing = 0;
		};
/* End PBXFrameworksBuildPhase section */

/* Begin PBXGroup section */
		FE972A18283618EB00FC884E /* Helper */ = {
			isa = PBXGroup;
			children = (
				FE972A16283613BE00FC884E /* Day87-3Supporting-specific-accessibility-needs-with-swiftui.swift */,
				FE972A142836135800FC884E /* Day87-2How-to-be-notified-when-your-swiftui-app-moves-to-the-background.swift */,
				FE972A122836121A00FC884E /* Day87-1TriggeringEventsRepeatedly.swift */,
				FE972A102836083F00FC884E /* Day86-3allowsHitTesting.swift */,
				FE972A0E2834D4DE00FC884E /* Day86-2CHHapticEngine.swift */,
				FED821DF2834C82B00E6D0C6 /* Day86-1Gesture-Combined.swift */,
				FED821DD2834C5EC00E6D0C6 /* Day86-1Gesture-Clash.swift */,
				FED821DB2833641200E6D0C6 /* Day86-1Gesture-Rotation.swift */,
				FED821D928335DC100E6D0C6 /* Day86-1Gesture-Scale.swift */,
			);
			path = Helper;
			sourceTree = "<group>";
		};
		FED821BF283357D100E6D0C6 = {
			isa = PBXGroup;
			children = (
				FED821CA283357D100E6D0C6 /* Flashzilla */,
				FED821C9283357D100E6D0C6 /* Products */,
			);
			sourceTree = "<group>";
		};
		FED821C9283357D100E6D0C6 /* Products */ = {
			isa = PBXGroup;
			children = (
				FED821C8283357D100E6D0C6 /* Flashzilla.app */,
			);
			name = Products;
			sourceTree = "<group>";
		};
		FED821CA283357D100E6D0C6 /* Flashzilla */ = {
			isa = PBXGroup;
			children = (
				FE0E8415283F7A7300051163 /* FileManager-DocumentesDirectory.swift */,
				FE0E8417283F7AC500051163 /* DataManager.swift */,
				FED821CB283357D100E6D0C6 /* FlashzillaApp.swift */,
				FED821CD283357D100E6D0C6 /* ContentView.swift */,
				FEA6DD4428373B7800388C2C /* CardView.swift */,
				FEA6DD46283C944A00388C2C /* EditCards.swift */,
				FE972A18283618EB00FC884E /* Helper */,
				FEA6DD42283739C300388C2C /* Card.swift */,
				FED821CF283357D200E6D0C6 /* Assets.xcassets */,
				FED821D1283357D200E6D0C6 /* Preview Content */,
			);
			path = Flashzilla;
			sourceTree = "<group>";
		};
		FED821D1283357D200E6D0C6 /* Preview Content */ = {
			isa = PBXGroup;
			children = (
				FED821D2283357D200E6D0C6 /* Preview Assets.xcassets */,
			);
			path = "Preview Content";
			sourceTree = "<group>";
		};
/* End PBXGroup section */

/* Begin PBXNativeTarget section */
		FED821C7283357D100E6D0C6 /* Flashzilla */ = {
			isa = PBXNativeTarget;
			buildConfigurationList = FED821D6283357D200E6D0C6 /* Build configuration list for PBXNativeTarget "Flashzilla" */;
			buildPhases = (
				FED821C4283357D100E6D0C6 /* Sources */,
				FED821C5283357D100E6D0C6 /* Frameworks */,
				FED821C6283357D100E6D0C6 /* Resources */,
			);
			buildRules = (
			);
			dependencies = (
			);
			name = Flashzilla;
			productName = Flashzilla;
			productReference = FED821C8283357D100E6D0C6 /* Flashzilla.app */;
			productType = "com.apple.product-type.application";
		};
/* End PBXNativeTarget section */

/* Begin PBXProject section */
		FED821C0283357D100E6D0C6 /* Project object */ = {
			isa = PBXProject;
			attributes = {
				BuildIndependentTargetsInParallel = 1;
				LastSwiftUpdateCheck = 1330;
				LastUpgradeCheck = 1330;
				TargetAttributes = {
					FED821C7283357D100E6D0C6 = {
						CreatedOnToolsVersion = 13.3;
					};
				};
			};
			buildConfigurationList = FED821C3283357D100E6D0C6 /* Build configuration list for PBXProject "Flashzilla" */;
			compatibilityVersion = "Xcode 13.0";
			developmentRegion = en;
			hasScannedForEncodings = 0;
			knownRegions = (
				en,
				Base,
			);
			mainGroup = FED821BF283357D100E6D0C6;
			productRefGroup = FED821C9283357D100E6D0C6 /* Products */;
			projectDirPath = "";
			projectRoot = "";
			targets = (
				FED821C7283357D100E6D0C6 /* Flashzilla */,
			);
		};
/* End PBXProject section */

/* Begin PBXResourcesBuildPhase section */
		FED821C6283357D100E6D0C6 /* Resources */ = {
			isa = PBXResourcesBuildPhase;
			buildActionMask = 2147483647;
			files = (
				FED821D3283357D200E6D0C6 /* Preview Assets.xcassets in Resources */,
				FED821D0283357D200E6D0C6 /* Assets.xcassets in Resources */,
			);
			runOnlyForDeploymentPostprocessing = 0;
		};
/* End PBXResourcesBuildPhase section */

/* Begin PBXSourcesBuildPhase section */
		FED821C4283357D100E6D0C6 /* Sources */ = {
			isa = PBXSourcesBuildPhase;
			buildActionMask = 2147483647;
			files = (
				FE972A152836135800FC884E /* Day87-2How-to-be-notified-when-your-swiftui-app-moves-to-the-background.swift in Sources */,
				FE0E8418283F7AC500051163 /* DataManager.swift in Sources */,
				FED821DA28335DC100E6D0C6 /* Day86-1Gesture-Scale.swift in Sources */,
				FE972A112836083F00FC884E /* Day86-3allowsHitTesting.swift in Sources */,
				FEA6DD47283C944A00388C2C /* EditCards.swift in Sources */,
				FED821E02834C82B00E6D0C6 /* Day86-1Gesture-Combined.swift in Sources */,
				FE972A17283613BE00FC884E /* Day87-3Supporting-specific-accessibility-needs-with-swiftui.swift in Sources */,
				FED821CE283357D100E6D0C6 /* ContentView.swift in Sources */,
				FE972A0F2834D4DE00FC884E /* Day86-2CHHapticEngine.swift in Sources */,
				FEA6DD4528373B7800388C2C /* CardView.swift in Sources */,
				FEA6DD43283739C300388C2C /* Card.swift in Sources */,
				FED821DC2833641200E6D0C6 /* Day86-1Gesture-Rotation.swift in Sources */,
				FE0E8416283F7A7300051163 /* FileManager-DocumentesDirectory.swift in Sources */,
				FE972A132836121A00FC884E /* Day87-1TriggeringEventsRepeatedly.swift in Sources */,
				FED821CC283357D100E6D0C6 /* FlashzillaApp.swift in Sources */,
				FED821DE2834C5EC00E6D0C6 /* Day86-1Gesture-Clash.swift in Sources */,
			);
			runOnlyForDeploymentPostprocessing = 0;
		};
/* End PBXSourcesBuildPhase section */

/* Begin XCBuildConfiguration section */
		FED821D4283357D200E6D0C6 /* Debug */ = {
			isa = XCBuildConfiguration;
			buildSettings = {
				ALWAYS_SEARCH_USER_PATHS = NO;
				CLANG_ANALYZER_NONNULL = YES;
				CLANG_ANALYZER_NUMBER_OBJECT_CONVERSION = YES_AGGRESSIVE;
				CLANG_CXX_LANGUAGE_STANDARD = "gnu++17";
				CLANG_ENABLE_MODULES = YES;
				CLANG_ENABLE_OBJC_ARC = YES;
				CLANG_ENABLE_OBJC_WEAK = YES;
				CLANG_WARN_BLOCK_CAPTURE_AUTORELEASING = YES;
				CLANG_WARN_BOOL_CONVERSION = YES;
				CLANG_WARN_COMMA = YES;
				CLANG_WARN_CONSTANT_CONVERSION = YES;
				CLANG_WARN_DEPRECATED_OBJC_IMPLEMENTATIONS = YES;
				CLANG_WARN_DIRECT_OBJC_ISA_USAGE = YES_ERROR;
				CLANG_WARN_DOCUMENTATION_COMMENTS = YES;
				CLANG_WARN_EMPTY_BODY = YES;
				CLANG_WARN_ENUM_CONVERSION = YES;
				CLANG_WARN_INFINITE_RECURSION = YES;
				CLANG_WARN_INT_CONVERSION = YES;
				CLANG_WARN_NON_LITERAL_NULL_CONVERSION = YES;
				CLANG_WARN_OBJC_IMPLICIT_RETAIN_SELF = YES;
				CLANG_WARN_OBJC_LITERAL_CONVERSION = YES;
				CLANG_WARN_OBJC_ROOT_CLASS = YES_ERROR;
				CLANG_WARN_QUOTED_INCLUDE_IN_FRAMEWORK_HEADER = YES;
				CLANG_WARN_RANGE_LOOP_ANALYSIS = YES;
				CLANG_WARN_STRICT_PROTOTYPES = YES;
				CLANG_WARN_SUSPICIOUS_MOVE = YES;
				CLANG_WARN_UNGUARDED_AVAILABILITY = YES_AGGRESSIVE;
				CLANG_WARN_UNREACHABLE_CODE = YES;
				CLANG_WARN__DUPLICATE_METHOD_MATCH = YES;
				COPY_PHASE_STRIP = NO;
				DEBUG_INFORMATION_FORMAT = dwarf;
				ENABLE_STRICT_OBJC_MSGSEND = YES;
				ENABLE_TESTABILITY = YES;
				GCC_C_LANGUAGE_STANDARD = gnu11;
				GCC_DYNAMIC_NO_PIC = NO;
				GCC_NO_COMMON_BLOCKS = YES;
				GCC_OPTIMIZATION_LEVEL = 0;
				GCC_PREPROCESSOR_DEFINITIONS = (
					"DEBUG=1",
					"$(inherited)",
				);
				GCC_WARN_64_TO_32_BIT_CONVERSION = YES;
				GCC_WARN_ABOUT_RETURN_TYPE = YES_ERROR;
				GCC_WARN_UNDECLARED_SELECTOR = YES;
				GCC_WARN_UNINITIALIZED_AUTOS = YES_AGGRESSIVE;
				GCC_WARN_UNUSED_FUNCTION = YES;
				GCC_WARN_UNUSED_VARIABLE = YES;
				IPHONEOS_DEPLOYMENT_TARGET = 15.4;
				MTL_ENABLE_DEBUG_INFO = INCLUDE_SOURCE;
				MTL_FAST_MATH = YES;
				ONLY_ACTIVE_ARCH = YES;
				SDKROOT = iphoneos;
				SWIFT_ACTIVE_COMPILATION_CONDITIONS = DEBUG;
				SWIFT_OPTIMIZATION_LEVEL = "-Onone";
			};
			name = Debug;
		};
		FED821D5283357D200E6D0C6 /* Release */ = {
			isa = XCBuildConfiguration;
			buildSettings = {
				ALWAYS_SEARCH_USER_PATHS = NO;
				CLANG_ANALYZER_NONNULL = YES;
				CLANG_ANALYZER_NUMBER_OBJECT_CONVERSION = YES_AGGRESSIVE;
				CLANG_CXX_LANGUAGE_STANDARD = "gnu++17";
				CLANG_ENABLE_MODULES = YES;
				CLANG_ENABLE_OBJC_ARC = YES;
				CLANG_ENABLE_OBJC_WEAK = YES;
				CLANG_WARN_BLOCK_CAPTURE_AUTORELEASING = YES;
				CLANG_WARN_BOOL_CONVERSION = YES;
				CLANG_WARN_COMMA = YES;
				CLANG_WARN_CONSTANT_CONVERSION = YES;
				CLANG_WARN_DEPRECATED_OBJC_IMPLEMENTATIONS = YES;
				CLANG_WARN_DIRECT_OBJC_ISA_USAGE = YES_ERROR;
				CLANG_WARN_DOCUMENTATION_COMMENTS = YES;
				CLANG_WARN_EMPTY_BODY = YES;
				CLANG_WARN_ENUM_CONVERSION = YES;
				CLANG_WARN_INFINITE_RECURSION = YES;
				CLANG_WARN_INT_CONVERSION = YES;
				CLANG_WARN_NON_LITERAL_NULL_CONVERSION = YES;
				CLANG_WARN_OBJC_IMPLICIT_RETAIN_SELF = YES;
				CLANG_WARN_OBJC_LITERAL_CONVERSION = YES;
				CLANG_WARN_OBJC_ROOT_CLASS = YES_ERROR;
				CLANG_WARN_QUOTED_INCLUDE_IN_FRAMEWORK_HEADER = YES;
				CLANG_WARN_RANGE_LOOP_ANALYSIS = YES;
				CLANG_WARN_STRICT_PROTOTYPES = YES;
				CLANG_WARN_SUSPICIOUS_MOVE = YES;
				CLANG_WARN_UNGUARDED_AVAILABILITY = YES_AGGRESSIVE;
				CLANG_WARN_UNREACHABLE_CODE = YES;
				CLANG_WARN__DUPLICATE_METHOD_MATCH = YES;
				COPY_PHASE_STRIP = NO;
				DEBUG_INFORMATION_FORMAT = "dwarf-with-dsym";
				ENABLE_NS_ASSERTIONS = NO;
				ENABLE_STRICT_OBJC_MSGSEND = YES;
				GCC_C_LANGUAGE_STANDARD = gnu11;
				GCC_NO_COMMON_BLOCKS = YES;
				GCC_WARN_64_TO_32_BIT_CONVERSION = YES;
				GCC_WARN_ABOUT_RETURN_TYPE = YES_ERROR;
				GCC_WARN_UNDECLARED_SELECTOR = YES;
				GCC_WARN_UNINITIALIZED_AUTOS = YES_AGGRESSIVE;
				GCC_WARN_UNUSED_FUNCTION = YES;
				GCC_WARN_UNUSED_VARIABLE = YES;
				IPHONEOS_DEPLOYMENT_TARGET = 15.4;
				MTL_ENABLE_DEBUG_INFO = NO;
				MTL_FAST_MATH = YES;
				SDKROOT = iphoneos;
				SWIFT_COMPILATION_MODE = wholemodule;
				SWIFT_OPTIMIZATION_LEVEL = "-O";
				VALIDATE_PRODUCT = YES;
			};
			name = Release;
		};
		FED821D7283357D200E6D0C6 /* Debug */ = {
			isa = XCBuildConfiguration;
			buildSettings = {
				ASSETCATALOG_COMPILER_APPICON_NAME = AppIcon;
				ASSETCATALOG_COMPILER_GLOBAL_ACCENT_COLOR_NAME = AccentColor;
				CODE_SIGN_STYLE = Automatic;
				CURRENT_PROJECT_VERSION = 1;
				DEVELOPMENT_ASSET_PATHS = "\"Flashzilla/Preview Content\"";
				DEVELOPMENT_TEAM = ST3F674BZF;
				ENABLE_PREVIEWS = YES;
				GENERATE_INFOPLIST_FILE = YES;
				INFOPLIST_KEY_UIApplicationSceneManifest_Generation = YES;
				INFOPLIST_KEY_UIApplicationSupportsIndirectInputEvents = YES;
				INFOPLIST_KEY_UILaunchScreen_Generation = YES;
				INFOPLIST_KEY_UISupportedInterfaceOrientations_iPad = "UIInterfaceOrientationPortrait UIInterfaceOrientationPortraitUpsideDown UIInterfaceOrientationLandscapeLeft UIInterfaceOrientationLandscapeRight";
				INFOPLIST_KEY_UISupportedInterfaceOrientations_iPhone = "UIInterfaceOrientationLandscapeLeft UIInterfaceOrientationLandscapeRight";
				LD_RUNPATH_SEARCH_PATHS = (
					"$(inherited)",
					"@executable_path/Frameworks",
				);
				MARKETING_VERSION = 1.0;
				PRODUCT_BUNDLE_IDENTIFIER = me.Chu.Frank.OhMyFlag;
				PRODUCT_NAME = "$(TARGET_NAME)";
				SWIFT_EMIT_LOC_STRINGS = YES;
				SWIFT_VERSION = 5.0;
				TARGETED_DEVICE_FAMILY = "1,2";
			};
			name = Debug;
		};
		FED821D8283357D200E6D0C6 /* Release */ = {
			isa = XCBuildConfiguration;
			buildSettings = {
				ASSETCATALOG_COMPILER_APPICON_NAME = AppIcon;
				ASSETCATALOG_COMPILER_GLOBAL_ACCENT_COLOR_NAME = AccentColor;
				CODE_SIGN_STYLE = Automatic;
				CURRENT_PROJECT_VERSION = 1;
				DEVELOPMENT_ASSET_PATHS = "\"Flashzilla/Preview Content\"";
				DEVELOPMENT_TEAM = ST3F674BZF;
				ENABLE_PREVIEWS = YES;
				GENERATE_INFOPLIST_FILE = YES;
				INFOPLIST_KEY_UIApplicationSceneManifest_Generation = YES;
				INFOPLIST_KEY_UIApplicationSupportsIndirectInputEvents = YES;
				INFOPLIST_KEY_UILaunchScreen_Generation = YES;
				INFOPLIST_KEY_UISupportedInterfaceOrientations_iPad = "UIInterfaceOrientationPortrait UIInterfaceOrientationPortraitUpsideDown UIInterfaceOrientationLandscapeLeft UIInterfaceOrientationLandscapeRight";
				INFOPLIST_KEY_UISupportedInterfaceOrientations_iPhone = "UIInterfaceOrientationLandscapeLeft UIInterfaceOrientationLandscapeRight";
				LD_RUNPATH_SEARCH_PATHS = (
					"$(inherited)",
					"@executable_path/Frameworks",
				);
				MARKETING_VERSION = 1.0;
				PRODUCT_BUNDLE_IDENTIFIER = me.Chu.Frank.OhMyFlag;
				PRODUCT_NAME = "$(TARGET_NAME)";
				SWIFT_EMIT_LOC_STRINGS = YES;
				SWIFT_VERSION = 5.0;
				TARGETED_DEVICE_FAMILY = "1,2";
			};
			name = Release;
		};
/* End XCBuildConfiguration section */

/* Begin XCConfigurationList section */
		FED821C3283357D100E6D0C6 /* Build configuration list for PBXProject "Flashzilla" */ = {
			isa = XCConfigurationList;
			buildConfigurations = (
				FED821D4283357D200E6D0C6 /* Debug */,
				FED821D5283357D200E6D0C6 /* Release */,
			);
			defaultConfigurationIsVisible = 0;
			defaultConfigurationName = Release;
		};
		FED821D6283357D200E6D0C6 /* Build configuration list for PBXNativeTarget "Flashzilla" */ = {
			isa = XCConfigurationList;
			buildConfigurations = (
				FED821D7283357D200E6D0C6 /* Debug */,
				FED821D8283357D200E6D0C6 /* Release */,
			);
			defaultConfigurationIsVisible = 0;
			defaultConfigurationName = Release;
		};
/* End XCConfigurationList section */
	};
	rootObject = FED821C0283357D100E6D0C6 /* Project object */;
}
